
Microsoft Visual Studio Solution File, Format Version 12.00
# Visual Studio Version 17
VisualStudioVersion = 17.13.35919.96
MinimumVisualStudioVersion = 10.0.40219.1
Project("{FAE04EC0-301F-11D3-BF4B-00C04F79EFBC}") = "ElectrictClosedDoorPaperSolutionsTest", "ElectrictClosedDoorPaperSolutionsTest\ElectrictClosedDoorPaperSolutionsTest.csproj", "{78A77A72-8509-4BF7-9C7D-CE3F07511B9F}"
EndProject
Project("{FAE04EC0-301F-11D3-BF4B-00C04F79EFBC}") = "ElectrictClosedDoorPaperSolutions", "ElectrictClosedDoorPaperSolutions\ElectrictClosedDoorPaperSolutions.csproj", "{F4321129-6310-497D-9973-503C2D837181}"
EndProject
Global
	GlobalSection(SolutionConfigurationPlatforms) = preSolution
		Debug|Any CPU = Debug|Any CPU
		Release|Any CPU = Release|Any CPU
	EndGlobalSection
	GlobalSection(ProjectConfigurationPlatforms) = postSolution
		{78A77A72-8509-4BF7-9C7D-CE3F07511B9F}.Debug|Any CPU.ActiveCfg = Debug|Any CPU
		{78A77A72-8509-4BF7-9C7D-CE3F07511B9F}.Debug|Any CPU.Build.0 = Debug|Any CPU
		{78A77A72-8509-4BF7-9C7D-CE3F07511B9F}.Release|Any CPU.ActiveCfg = Release|Any CPU
		{78A77A72-8509-4BF7-9C7D-CE3F07511B9F}.Release|Any CPU.Build.0 = Release|Any CPU
		{F4321129-6310-497D-9973-503C2D837181}.Debug|Any CPU.ActiveCfg = Debug|Any CPU
		{F4321129-6310-497D-9973-503C2D837181}.Debug|Any CPU.Build.0 = Debug|Any CPU
		{F4321129-6310-497D-9973-503C2D837181}.Release|Any CPU.ActiveCfg = Release|Any CPU
		{F4321129-6310-497D-9973-503C2D837181}.Release|Any CPU.Build.0 = Release|Any CPU
	EndGlobalSection
	GlobalSection(SolutionProperties) = preSolution
		HideSolutionNode = FALSE
	EndGlobalSection
	GlobalSection(ExtensibilityGlobals) = postSolution
		SolutionGuid = {5641FE16-4530-4658-9338-C33D2A010044}
	EndGlobalSection
EndGlobal
